// !$*UTF8*$!
{
	archiveVersion = 1;
	classes = {
	};
	objectVersion = 50;
	objects = {

/* Begin PBXBuildFile section */
		B8487B2920BAD9E700D4C473 /* MatchCardViewController.swift in Sources */ = {isa = PBXBuildFile; fileRef = B88FF98520B963B000E54AF3 /* MatchCardViewController.swift */; };
		B855D24220BABA0B00640280 /* GameMenuViewController.swift in Sources */ = {isa = PBXBuildFile; fileRef = B855D24120BABA0B00640280 /* GameMenuViewController.swift */; };
		B88FF97120B9625600E54AF3 /* AppDelegate.swift in Sources */ = {isa = PBXBuildFile; fileRef = B88FF97020B9625600E54AF3 /* AppDelegate.swift */; };
		B88FF97620B9625600E54AF3 /* Main.storyboard in Resources */ = {isa = PBXBuildFile; fileRef = B88FF97420B9625600E54AF3 /* Main.storyboard */; };
		B88FF97820B9625700E54AF3 /* Assets.xcassets in Resources */ = {isa = PBXBuildFile; fileRef = B88FF97720B9625700E54AF3 /* Assets.xcassets */; };
		B88FF97B20B9625700E54AF3 /* LaunchScreen.storyboard in Resources */ = {isa = PBXBuildFile; fileRef = B88FF97920B9625700E54AF3 /* LaunchScreen.storyboard */; };
		B88FF98820B963EB00E54AF3 /* MatchCardModel.swift in Sources */ = {isa = PBXBuildFile; fileRef = B88FF98720B963EB00E54AF3 /* MatchCardModel.swift */; };
		B88FF98A20B9640300E54AF3 /* Card.swift in Sources */ = {isa = PBXBuildFile; fileRef = B88FF98920B9640300E54AF3 /* Card.swift */; };
		B88FF98E20B96D7300E54AF3 /* CardCollectionViewCell.swift in Sources */ = {isa = PBXBuildFile; fileRef = B88FF98D20B96D7300E54AF3 /* CardCollectionViewCell.swift */; };
/* End PBXBuildFile section */

/* Begin PBXFileReference section */
		B855D24120BABA0B00640280 /* GameMenuViewController.swift */ = {isa = PBXFileReference; lastKnownFileType = sourcecode.swift; path = GameMenuViewController.swift; sourceTree = "<group>"; };
		B88FF96D20B9625600E54AF3 /* MatchCards.app */ = {isa = PBXFileReference; explicitFileType = wrapper.application; includeInIndex = 0; path = MatchCards.app; sourceTree = BUILT_PRODUCTS_DIR; };
		B88FF97020B9625600E54AF3 /* AppDelegate.swift */ = {isa = PBXFileReference; lastKnownFileType = sourcecode.swift; path = AppDelegate.swift; sourceTree = "<group>"; };
		B88FF97520B9625600E54AF3 /* Base */ = {isa = PBXFileReference; lastKnownFileType = file.storyboard; name = Base; path = Base.lproj/Main.storyboard; sourceTree = "<group>"; };
		B88FF97720B9625700E54AF3 /* Assets.xcassets */ = {isa = PBXFileReference; lastKnownFileType = folder.assetcatalog; path = Assets.xcassets; sourceTree = "<group>"; };
		B88FF97A20B9625700E54AF3 /* Base */ = {isa = PBXFileReference; lastKnownFileType = file.storyboard; name = Base; path = Base.lproj/LaunchScreen.storyboard; sourceTree = "<group>"; };
		B88FF97C20B9625700E54AF3 /* Info.plist */ = {isa = PBXFileReference; lastKnownFileType = text.plist.xml; path = Info.plist; sourceTree = "<group>"; };
		B88FF98520B963B000E54AF3 /* MatchCardViewController.swift */ = {isa = PBXFileReference; lastKnownFileType = sourcecode.swift; path = MatchCardViewController.swift; sourceTree = "<group>"; };
		B88FF98720B963EB00E54AF3 /* MatchCardModel.swift */ = {isa = PBXFileReference; lastKnownFileType = sourcecode.swift; path = MatchCardModel.swift; sourceTree = "<group>"; };
		B88FF98920B9640300E54AF3 /* Card.swift */ = {isa = PBXFileReference; lastKnownFileType = sourcecode.swift; path = Card.swift; sourceTree = "<group>"; };
		B88FF98D20B96D7300E54AF3 /* CardCollectionViewCell.swift */ = {isa = PBXFileReference; lastKnownFileType = sourcecode.swift; path = CardCollectionViewCell.swift; sourceTree = "<group>"; };
/* End PBXFileReference section */

/* Begin PBXFrameworksBuildPhase section */
		B88FF96A20B9625600E54AF3 /* Frameworks */ = {
			isa = PBXFrameworksBuildPhase;
			buildActionMask = 2147483647;
			files = (
			);
			runOnlyForDeploymentPostprocessing = 0;
		};
/* End PBXFrameworksBuildPhase section */

/* Begin PBXGroup section */
		B88FF96420B9625600E54AF3 = {
			isa = PBXGroup;
			children = (
				B88FF96F20B9625600E54AF3 /* MatchCards */,
				B88FF96E20B9625600E54AF3 /* Products */,
			);
			sourceTree = "<group>";
		};
		B88FF96E20B9625600E54AF3 /* Products */ = {
			isa = PBXGroup;
			children = (
				B88FF96D20B9625600E54AF3 /* MatchCards.app */,
			);
			name = Products;
			sourceTree = "<group>";
		};
		B88FF96F20B9625600E54AF3 /* MatchCards */ = {
			isa = PBXGroup;
			children = (
				B8B8F2D820BD438A00768336 /* Resources */,
				B88FF98420B9632500E54AF3 /* Models */,
				B88FF98320B962A700E54AF3 /* Controllers */,
				B88FF98220B9629700E54AF3 /* Views */,
				B88FF97020B9625600E54AF3 /* AppDelegate.swift */,
				B88FF97720B9625700E54AF3 /* Assets.xcassets */,
				B88FF97C20B9625700E54AF3 /* Info.plist */,
			);
			path = MatchCards;
			sourceTree = "<group>";
		};
		B88FF98220B9629700E54AF3 /* Views */ = {
			isa = PBXGroup;
			children = (
				B88FF97420B9625600E54AF3 /* Main.storyboard */,
				B88FF97920B9625700E54AF3 /* LaunchScreen.storyboard */,
				B88FF98D20B96D7300E54AF3 /* CardCollectionViewCell.swift */,
			);
			path = Views;
			sourceTree = "<group>";
		};
		B88FF98320B962A700E54AF3 /* Controllers */ = {
			isa = PBXGroup;
			children = (
				B855D24120BABA0B00640280 /* GameMenuViewController.swift */,
				B88FF98520B963B000E54AF3 /* MatchCardViewController.swift */,
			);
			path = Controllers;
			sourceTree = "<group>";
		};
		B88FF98420B9632500E54AF3 /* Models */ = {
			isa = PBXGroup;
			children = (
				B88FF98720B963EB00E54AF3 /* MatchCardModel.swift */,
			);
			path = Models;
			sourceTree = "<group>";
		};
		B8B8F2D820BD438A00768336 /* Resources */ = {
			isa = PBXGroup;
			children = (
				B88FF98920B9640300E54AF3 /* Card.swift */,
			);
			path = Resources;
			sourceTree = "<group>";
		};
/* End PBXGroup section */

/* Begin PBXNativeTarget section */
		B88FF96C20B9625600E54AF3 /* MatchCards */ = {
			isa = PBXNativeTarget;
			buildConfigurationList = B88FF97F20B9625700E54AF3 /* Build configuration list for PBXNativeTarget "MatchCards" */;
			buildPhases = (
				B88FF96920B9625600E54AF3 /* Sources */,
				B88FF96A20B9625600E54AF3 /* Frameworks */,
				B88FF96B20B9625600E54AF3 /* Resources */,
			);
			buildRules = (
			);
			dependencies = (
			);
			name = MatchCards;
			productName = MatchCards;
			productReference = B88FF96D20B9625600E54AF3 /* MatchCards.app */;
			productType = "com.apple.product-type.application";
		};
/* End PBXNativeTarget section */

/* Begin PBXProject section */
		B88FF96520B9625600E54AF3 /* Project object */ = {
			isa = PBXProject;
			attributes = {
				LastSwiftUpdateCheck = 0930;
				LastUpgradeCheck = 0930;
				ORGANIZATIONNAME = Punyugi;
				TargetAttributes = {
					B88FF96C20B9625600E54AF3 = {
						CreatedOnToolsVersion = 9.3;
					};
				};
			};
			buildConfigurationList = B88FF96820B9625600E54AF3 /* Build configuration list for PBXProject "MatchCards" */;
			compatibilityVersion = "Xcode 9.3";
			developmentRegion = en;
			hasScannedForEncodings = 0;
			knownRegions = (
				en,
				Base,
			);
			mainGroup = B88FF96420B9625600E54AF3;
			productRefGroup = B88FF96E20B9625600E54AF3 /* Products */;
			projectDirPath = "";
			projectRoot = "";
			targets = (
				B88FF96C20B9625600E54AF3 /* MatchCards */,
			);
		};
/* End PBXProject section */

/* Begin PBXResourcesBuildPhase section */
		B88FF96B20B9625600E54AF3 /* Resources */ = {
			isa = PBXResourcesBuildPhase;
			buildActionMask = 2147483647;
			files = (
				B88FF97B20B9625700E54AF3 /* LaunchScreen.storyboard in Resources */,
				B88FF97820B9625700E54AF3 /* Assets.xcassets in Resources */,
				B88FF97620B9625600E54AF3 /* Main.storyboard in Resources */,
			);
			runOnlyForDeploymentPostprocessing = 0;
		};
/* End PBXResourcesBuildPhase section */

/* Begin PBXSourcesBuildPhase section */
		B88FF96920B9625600E54AF3 /* Sources */ = {
			isa = PBXSourcesBuildPhase;
			buildActionMask = 2147483647;
			files = (
				B88FF98820B963EB00E54AF3 /* MatchCardModel.swift in Sources */,
				B855D24220BABA0B00640280 /* GameMenuViewController.swift in Sources */,
				B88FF97120B9625600E54AF3 /* AppDelegate.swift in Sources */,
				B88FF98E20B96D7300E54AF3 /* CardCollectionViewCell.swift in Sources */,
				B8487B2920BAD9E700D4C473 /* MatchCardViewController.swift in Sources */,
				B88FF98A20B9640300E54AF3 /* Card.swift in Sources */,
			);
			runOnlyForDeploymentPostprocessing = 0;
		};
/* End PBXSourcesBuildPhase section */

/* Begin PBXVariantGroup section */
		B88FF97420B9625600E54AF3 /* Main.storyboard */ = {
			isa = PBXVariantGroup;
			children = (
				B88FF97520B9625600E54AF3 /* Base */,
			);
			name = Main.storyboard;
			sourceTree = "<group>";
		};
		B88FF97920B9625700E54AF3 /* LaunchScreen.storyboard */ = {
			isa = PBXVariantGroup;
			children = (
				B88FF97A20B9625700E54AF3 /* Base */,
			);
			name = LaunchScreen.storyboard;
			sourceTree = "<group>";
		};
/* End PBXVariantGroup section */

/* Begin XCBuildConfiguration section */
		B88FF97D20B9625700E54AF3 /* Debug */ = {
			isa = XCBuildConfiguration;
			buildSettings = {
				ALWAYS_SEARCH_USER_PATHS = NO;
				CLANG_ANALYZER_NONNULL = YES;
				CLANG_ANALYZER_NUMBER_OBJECT_CONVERSION = YES_AGGRESSIVE;
				CLANG_CXX_LANGUAGE_STANDARD = "gnu++14";
				CLANG_CXX_LIBRARY = "libc++";
				CLANG_ENABLE_MODULES = YES;
				CLANG_ENABLE_OBJC_ARC = YES;
				CLANG_ENABLE_OBJC_WEAK = YES;
				CLANG_WARN_BLOCK_CAPTURE_AUTORELEASING = YES;
				CLANG_WARN_BOOL_CONVERSION = YES;
				CLANG_WARN_COMMA = YES;
				CLANG_WARN_CONSTANT_CONVERSION = YES;
				CLANG_WARN_DEPRECATED_OBJC_IMPLEMENTATIONS = YES;
				CLANG_WARN_DIRECT_OBJC_ISA_USAGE = YES_ERROR;
				CLANG_WARN_DOCUMENTATION_COMMENTS = YES;
				CLANG_WARN_EMPTY_BODY = YES;
				CLANG_WARN_ENUM_CONVERSION = YES;
				CLANG_WARN_INFINITE_RECURSION = YES;
				CLANG_WARN_INT_CONVERSION = YES;
				CLANG_WARN_NON_LITERAL_NULL_CONVERSION = YES;
				CLANG_WARN_OBJC_IMPLICIT_RETAIN_SELF = YES;
				CLANG_WARN_OBJC_LITERAL_CONVERSION = YES;
				CLANG_WARN_OBJC_ROOT_CLASS = YES_ERROR;
				CLANG_WARN_RANGE_LOOP_ANALYSIS = YES;
				CLANG_WARN_STRICT_PROTOTYPES = YES;
				CLANG_WARN_SUSPICIOUS_MOVE = YES;
				CLANG_WARN_UNGUARDED_AVAILABILITY = YES_AGGRESSIVE;
				CLANG_WARN_UNREACHABLE_CODE = YES;
				CLANG_WARN__DUPLICATE_METHOD_MATCH = YES;
				CODE_SIGN_IDENTITY = "iPhone Developer";
				COPY_PHASE_STRIP = NO;
				DEBUG_INFORMATION_FORMAT = dwarf;
				ENABLE_STRICT_OBJC_MSGSEND = YES;
				ENABLE_TESTABILITY = YES;
				GCC_C_LANGUAGE_STANDARD = gnu11;
				GCC_DYNAMIC_NO_PIC = NO;
				GCC_NO_COMMON_BLOCKS = YES;
				GCC_OPTIMIZATION_LEVEL = 0;
				GCC_PREPROCESSOR_DEFINITIONS = (
					"DEBUG=1",
					"$(inherited)",
				);
				GCC_WARN_64_TO_32_BIT_CONVERSION = YES;
				GCC_WARN_ABOUT_RETURN_TYPE = YES_ERROR;
				GCC_WARN_UNDECLARED_SELECTOR = YES;
				GCC_WARN_UNINITIALIZED_AUTOS = YES_AGGRESSIVE;
				GCC_WARN_UNUSED_FUNCTION = YES;
				GCC_WARN_UNUSED_VARIABLE = YES;
				IPHONEOS_DEPLOYMENT_TARGET = 11.3;
				MTL_ENABLE_DEBUG_INFO = YES;
				ONLY_ACTIVE_ARCH = YES;
				SDKROOT = iphoneos;
				SWIFT_ACTIVE_COMPILATION_CONDITIONS = DEBUG;
				SWIFT_OPTIMIZATION_LEVEL = "-Onone";
			};
			name = Debug;
		};
		B88FF97E20B9625700E54AF3 /* Release */ = {
			isa = XCBuildConfiguration;
			buildSettings = {
				ALWAYS_SEARCH_USER_PATHS = NO;
				CLANG_ANALYZER_NONNULL = YES;
				CLANG_ANALYZER_NUMBER_OBJECT_CONVERSION = YES_AGGRESSIVE;
				CLANG_CXX_LANGUAGE_STANDARD = "gnu++14";
				CLANG_CXX_LIBRARY = "libc++";
				CLANG_ENABLE_MODULES = YES;
				CLANG_ENABLE_OBJC_ARC = YES;
				CLANG_ENABLE_OBJC_WEAK = YES;
				CLANG_WARN_BLOCK_CAPTURE_AUTORELEASING = YES;
				CLANG_WARN_BOOL_CONVERSION = YES;
				CLANG_WARN_COMMA = YES;
				CLANG_WARN_CONSTANT_CONVERSION = YES;
				CLANG_WARN_DEPRECATED_OBJC_IMPLEMENTATIONS = YES;
				CLANG_WARN_DIRECT_OBJC_ISA_USAGE = YES_ERROR;
				CLANG_WARN_DOCUMENTATION_COMMENTS = YES;
				CLANG_WARN_EMPTY_BODY = YES;
				CLANG_WARN_ENUM_CONVERSION = YES;
				CLANG_WARN_INFINITE_RECURSION = YES;
				CLANG_WARN_INT_CONVERSION = YES;
				CLANG_WARN_NON_LITERAL_NULL_CONVERSION = YES;
				CLANG_WARN_OBJC_IMPLICIT_RETAIN_SELF = YES;
				CLANG_WARN_OBJC_LITERAL_CONVERSION = YES;
				CLANG_WARN_OBJC_ROOT_CLASS = YES_ERROR;
				CLANG_WARN_RANGE_LOOP_ANALYSIS = YES;
				CLANG_WARN_STRICT_PROTOTYPES = YES;
				CLANG_WARN_SUSPICIOUS_MOVE = YES;
				CLANG_WARN_UNGUARDED_AVAILABILITY = YES_AGGRESSIVE;
				CLANG_WARN_UNREACHABLE_CODE = YES;
				CLANG_WARN__DUPLICATE_METHOD_MATCH = YES;
				CODE_SIGN_IDENTITY = "iPhone Developer";
				COPY_PHASE_STRIP = NO;
				DEBUG_INFORMATION_FORMAT = "dwarf-with-dsym";
				ENABLE_NS_ASSERTIONS = NO;
				ENABLE_STRICT_OBJC_MSGSEND = YES;
				GCC_C_LANGUAGE_STANDARD = gnu11;
				GCC_NO_COMMON_BLOCKS = YES;
				GCC_WARN_64_TO_32_BIT_CONVERSION = YES;
				GCC_WARN_ABOUT_RETURN_TYPE = YES_ERROR;
				GCC_WARN_UNDECLARED_SELECTOR = YES;
				GCC_WARN_UNINITIALIZED_AUTOS = YES_AGGRESSIVE;
				GCC_WARN_UNUSED_FUNCTION = YES;
				GCC_WARN_UNUSED_VARIABLE = YES;
				IPHONEOS_DEPLOYMENT_TARGET = 11.3;
				MTL_ENABLE_DEBUG_INFO = NO;
				SDKROOT = iphoneos;
				SWIFT_COMPILATION_MODE = wholemodule;
				SWIFT_OPTIMIZATION_LEVEL = "-O";
				VALIDATE_PRODUCT = YES;
			};
			name = Release;
		};
		B88FF98020B9625700E54AF3 /* Debug */ = {
			isa = XCBuildConfiguration;
			buildSettings = {
				ASSETCATALOG_COMPILER_APPICON_NAME = AppIcon;
				CODE_SIGN_STYLE = Automatic;
				DEVELOPMENT_TEAM = UWL7R783S6;
				INFOPLIST_FILE = MatchCards/Info.plist;
				LD_RUNPATH_SEARCH_PATHS = (
					"$(inherited)",
					"@executable_path/Frameworks",
				);
				PRODUCT_BUNDLE_IDENTIFIER = com.punyugi.MatchCards;
				PRODUCT_NAME = "$(TARGET_NAME)";
				SWIFT_VERSION = 4.0;
				TARGETED_DEVICE_FAMILY = 1;
			};
			name = Debug;
		};
		B88FF98120B9625700E54AF3 /* Release */ = {
			isa = XCBuildConfiguration;
			buildSettings = {
				ASSETCATALOG_COMPILER_APPICON_NAME = AppIcon;
				CODE_SIGN_STYLE = Automatic;
				DEVELOPMENT_TEAM = UWL7R783S6;
				INFOPLIST_FILE = MatchCards/Info.plist;
				LD_RUNPATH_SEARCH_PATHS = (
					"$(inherited)",
					"@executable_path/Frameworks",
				);
				PRODUCT_BUNDLE_IDENTIFIER = com.punyugi.MatchCards;
				PRODUCT_NAME = "$(TARGET_NAME)";
				SWIFT_VERSION = 4.0;
				TARGETED_DEVICE_FAMILY = 1;
			};
			name = Release;
		};
/* End XCBuildConfiguration section */

/* Begin XCConfigurationList section */
		B88FF96820B9625600E54AF3 /* Build configuration list for PBXProject "MatchCards" */ = {
			isa = XCConfigurationList;
			buildConfigurations = (
				B88FF97D20B9625700E54AF3 /* Debug */,
				B88FF97E20B9625700E54AF3 /* Release */,
			);
			defaultConfigurationIsVisible = 0;
			defaultConfigurationName = Release;
		};
		B88FF97F20B9625700E54AF3 /* Build configuration list for PBXNativeTarget "MatchCards" */ = {
			isa = XCConfigurationList;
			buildConfigurations = (
				B88FF98020B9625700E54AF3 /* Debug */,
				B88FF98120B9625700E54AF3 /* Release */,
			);
			defaultConfigurationIsVisible = 0;
			defaultConfigurationName = Release;
		};
/* End XCConfigurationList section */
	};
	rootObject = B88FF96520B9625600E54AF3 /* Project object */;
}
